// !$*UTF8*$!
{
	archiveVersion = 1;
	classes = {
	};
	objectVersion = 46;
	objects = {

/* Begin PBXBuildFile section */
		42A29E631B3762F5008BB9D4 /* libEstimoteSDK.a in Frameworks */ = {isa = PBXBuildFile; fileRef = 42A29E621B3762F5008BB9D4 /* libEstimoteSDK.a */; };
		42A29E961B3762FE008BB9D4 /* libEstimoteIndoorSDK.a in Frameworks */ = {isa = PBXBuildFile; fileRef = 42A29E711B3762FE008BB9D4 /* libEstimoteIndoorSDK.a */; };
		42A29E971B3762FE008BB9D4 /* 5a.mov in Resources */ = {isa = PBXBuildFile; fileRef = 42A29E731B3762FE008BB9D4 /* 5a.mov */; };
		42A29E981B3762FE008BB9D4 /* 5b.mov in Resources */ = {isa = PBXBuildFile; fileRef = 42A29E741B3762FE008BB9D4 /* 5b.mov */; };
		42A29E991B3762FE008BB9D4 /* 8a.mov in Resources */ = {isa = PBXBuildFile; fileRef = 42A29E751B3762FE008BB9D4 /* 8a.mov */; };
		42A29E9A1B3762FE008BB9D4 /* 8b.mov in Resources */ = {isa = PBXBuildFile; fileRef = 42A29E761B3762FE008BB9D4 /* 8b.mov */; };
		42A29E9B1B3762FE008BB9D4 /* 8c.mov in Resources */ = {isa = PBXBuildFile; fileRef = 42A29E771B3762FE008BB9D4 /* 8c.mov */; };
		42A29E9C1B3762FE008BB9D4 /* 5a_first_frame@2x.png in Resources */ = {isa = PBXBuildFile; fileRef = 42A29E791B3762FE008BB9D4 /* 5a_first_frame@2x.png */; };
		42A29E9D1B3762FE008BB9D4 /* 5b_first_frame@2x.png in Resources */ = {isa = PBXBuildFile; fileRef = 42A29E7A1B3762FE008BB9D4 /* 5b_first_frame@2x.png */; };
		42A29E9E1B3762FE008BB9D4 /* 8a_first_frame@2x.png in Resources */ = {isa = PBXBuildFile; fileRef = 42A29E7B1B3762FE008BB9D4 /* 8a_first_frame@2x.png */; };
		42A29E9F1B3762FE008BB9D4 /* 8b_first_frame@2x.png in Resources */ = {isa = PBXBuildFile; fileRef = 42A29E7C1B3762FE008BB9D4 /* 8b_first_frame@2x.png */; };
		42A29EA01B3762FE008BB9D4 /* 8c_first_frame@2x.png in Resources */ = {isa = PBXBuildFile; fileRef = 42A29E7D1B3762FE008BB9D4 /* 8c_first_frame@2x.png */; };
		42A29EA11B3762FE008BB9D4 /* beacon_grey@2x.png in Resources */ = {isa = PBXBuildFile; fileRef = 42A29E7E1B3762FE008BB9D4 /* beacon_grey@2x.png */; };
		42A29EA21B3762FE008BB9D4 /* beaconblueberry@2x.png in Resources */ = {isa = PBXBuildFile; fileRef = 42A29E7F1B3762FE008BB9D4 /* beaconblueberry@2x.png */; };
		42A29EA31B3762FE008BB9D4 /* beaconBlueberrySmall.png in Resources */ = {isa = PBXBuildFile; fileRef = 42A29E801B3762FE008BB9D4 /* beaconBlueberrySmall.png */; };
		42A29EA41B3762FE008BB9D4 /* beaconBlueberrySmall@2x.png in Resources */ = {isa = PBXBuildFile; fileRef = 42A29E811B3762FE008BB9D4 /* beaconBlueberrySmall@2x.png */; };
		42A29EA51B3762FE008BB9D4 /* beacongrey@2x.png in Resources */ = {isa = PBXBuildFile; fileRef = 42A29E821B3762FE008BB9D4 /* beacongrey@2x.png */; };
		42A29EA61B3762FE008BB9D4 /* beaconGreySmall@2x.png in Resources */ = {isa = PBXBuildFile; fileRef = 42A29E831B3762FE008BB9D4 /* beaconGreySmall@2x.png */; };
		42A29EA71B3762FE008BB9D4 /* beaconicy@2x.png in Resources */ = {isa = PBXBuildFile; fileRef = 42A29E841B3762FE008BB9D4 /* beaconicy@2x.png */; };
		42A29EA81B3762FE008BB9D4 /* beaconIcySmall.png in Resources */ = {isa = PBXBuildFile; fileRef = 42A29E851B3762FE008BB9D4 /* beaconIcySmall.png */; };
		42A29EA91B3762FE008BB9D4 /* beaconIcySmall@2x.png in Resources */ = {isa = PBXBuildFile; fileRef = 42A29E861B3762FE008BB9D4 /* beaconIcySmall@2x.png */; };
		42A29EAA1B3762FE008BB9D4 /* beaconmint@2x.png in Resources */ = {isa = PBXBuildFile; fileRef = 42A29E871B3762FE008BB9D4 /* beaconmint@2x.png */; };
		42A29EAB1B3762FE008BB9D4 /* beaconMintSmall.png in Resources */ = {isa = PBXBuildFile; fileRef = 42A29E881B3762FE008BB9D4 /* beaconMintSmall.png */; };
		42A29EAC1B3762FE008BB9D4 /* beaconMintSmall@2x.png in Resources */ = {isa = PBXBuildFile; fileRef = 42A29E891B3762FE008BB9D4 /* beaconMintSmall@2x.png */; };
		42A29EAD1B3762FE008BB9D4 /* indoor_error@2x.png in Resources */ = {isa = PBXBuildFile; fileRef = 42A29E8A1B3762FE008BB9D4 /* indoor_error@2x.png */; };
		42A29EAE1B3762FE008BB9D4 /* instructions@2x.png in Resources */ = {isa = PBXBuildFile; fileRef = 42A29E8B1B3762FE008BB9D4 /* instructions@2x.png */; };
		42A29EAF1B3762FE008BB9D4 /* navigation_guy@2x.png in Resources */ = {isa = PBXBuildFile; fileRef = 42A29E8C1B3762FE008BB9D4 /* navigation_guy@2x.png */; };
		42A29EB01B3762FE008BB9D4 /* screen8_beacon_blue@2x.png in Resources */ = {isa = PBXBuildFile; fileRef = 42A29E8D1B3762FE008BB9D4 /* screen8_beacon_blue@2x.png */; };
		42A29EB11B3762FE008BB9D4 /* screen8_beacon_gray@2x.png in Resources */ = {isa = PBXBuildFile; fileRef = 42A29E8E1B3762FE008BB9D4 /* screen8_beacon_gray@2x.png */; };
		42A29EB21B3762FE008BB9D4 /* screen8_beacon_gray_trans@2x.png in Resources */ = {isa = PBXBuildFile; fileRef = 42A29E8F1B3762FE008BB9D4 /* screen8_beacon_gray_trans@2x.png */; };
		42A29EB31B3762FE008BB9D4 /* screen8_beacon_green@2x.png in Resources */ = {isa = PBXBuildFile; fileRef = 42A29E901B3762FE008BB9D4 /* screen8_beacon_green@2x.png */; };
		42A29EB41B3762FE008BB9D4 /* screen8_beacon_purple@2x.png in Resources */ = {isa = PBXBuildFile; fileRef = 42A29E911B3762FE008BB9D4 /* screen8_beacon_purple@2x.png */; };
		42A29EB51B3762FE008BB9D4 /* tick@2x.png in Resources */ = {isa = PBXBuildFile; fileRef = 42A29E921B3762FE008BB9D4 /* tick@2x.png */; };
		42A29EB61B3762FE008BB9D4 /* welcome@2x.png in Resources */ = {isa = PBXBuildFile; fileRef = 42A29E931B3762FE008BB9D4 /* welcome@2x.png */; };
		42A29EB71B3762FE008BB9D4 /* SixBeaconsView.xib in Resources */ = {isa = PBXBuildFile; fileRef = 42A29E941B3762FE008BB9D4 /* SixBeaconsView.xib */; };
		42A29EB81B3762FE008BB9D4 /* wall_bump.wav in Resources */ = {isa = PBXBuildFile; fileRef = 42A29E951B3762FE008BB9D4 /* wall_bump.wav */; };
		42A29EBA1B376339008BB9D4 /* CoreBluetooth.framework in Frameworks */ = {isa = PBXBuildFile; fileRef = 42A29EB91B376338008BB9D4 /* CoreBluetooth.framework */; };
		42A29EBC1B376347008BB9D4 /* CoreMotion.framework in Frameworks */ = {isa = PBXBuildFile; fileRef = 42A29EBB1B376347008BB9D4 /* CoreMotion.framework */; };
		42A29EBE1B376353008BB9D4 /* AVFoundation.framework in Frameworks */ = {isa = PBXBuildFile; fileRef = 42A29EBD1B376353008BB9D4 /* AVFoundation.framework */; };
		42A29EC01B37635D008BB9D4 /* MediaPlayer.framework in Frameworks */ = {isa = PBXBuildFile; fileRef = 42A29EBF1B37635D008BB9D4 /* MediaPlayer.framework */; };
		42A29EC21B37636A008BB9D4 /* MessageUI.framework in Frameworks */ = {isa = PBXBuildFile; fileRef = 42A29EC11B37636A008BB9D4 /* MessageUI.framework */; };
		42A29EC61B376513008BB9D4 /* EnlightEstimoteViewController.m in Sources */ = {isa = PBXBuildFile; fileRef = 42A29EC51B376513008BB9D4 /* EnlightEstimoteViewController.m */; };
		42A29EC81B379617008BB9D4 /* ashwinLocation.json in Resources */ = {isa = PBXBuildFile; fileRef = 42A29EC71B379617008BB9D4 /* ashwinLocation.json */; };
		C10C540A1B367472001CC7BF /* CoreLocation.framework in Frameworks */ = {isa = PBXBuildFile; fileRef = C10C54091B367472001CC7BF /* CoreLocation.framework */; };
		C17D74D81B373EBF007F0041 /* LaunchScreen.xib in Resources */ = {isa = PBXBuildFile; fileRef = C17D74D61B373EBF007F0041 /* LaunchScreen.xib */; };
		C17D74DB1B3754D0007F0041 /* EnLightAlgorithm.m in Sources */ = {isa = PBXBuildFile; fileRef = C17D74DA1B3754D0007F0041 /* EnLightAlgorithm.m */; };
		C1C6B03D1B37164F0018710F /* EnLightDBManager.m in Sources */ = {isa = PBXBuildFile; fileRef = C1C6B0391B37164F0018710F /* EnLightDBManager.m */; };
		C1C6B03E1B37164F0018710F /* BeaconObject.m in Sources */ = {isa = PBXBuildFile; fileRef = C1C6B03B1B37164F0018710F /* BeaconObject.m */; };
		C1C6B0411B3716D90018710F /* AudioToolbox.framework in Frameworks */ = {isa = PBXBuildFile; fileRef = C1C6B0401B3716D90018710F /* AudioToolbox.framework */; };
		C1C6B0431B3716DE0018710F /* Accounts.framework in Frameworks */ = {isa = PBXBuildFile; fileRef = C1C6B0421B3716DE0018710F /* Accounts.framework */; };
		C1C6B0451B3716E30018710F /* AdSupport.framework in Frameworks */ = {isa = PBXBuildFile; fileRef = C1C6B0441B3716E30018710F /* AdSupport.framework */; };
		C1C6B0471B3716E90018710F /* CFNetwork.framework in Frameworks */ = {isa = PBXBuildFile; fileRef = C1C6B0461B3716E90018710F /* CFNetwork.framework */; };
		C1C6B0491B3716EF0018710F /* CoreGraphics.framework in Frameworks */ = {isa = PBXBuildFile; fileRef = C1C6B0481B3716EF0018710F /* CoreGraphics.framework */; };
		C1C6B04B1B3716FB0018710F /* libsqlite3.dylib in Frameworks */ = {isa = PBXBuildFile; fileRef = C1C6B04A1B3716FB0018710F /* libsqlite3.dylib */; };
		C1C6B04D1B3717010018710F /* libz.1.1.3.dylib in Frameworks */ = {isa = PBXBuildFile; fileRef = C1C6B04C1B3717010018710F /* libz.1.1.3.dylib */; };
		C1C6B04F1B3717090018710F /* MobileCoreServices.framework in Frameworks */ = {isa = PBXBuildFile; fileRef = C1C6B04E1B3717090018710F /* MobileCoreServices.framework */; };
		C1C6B0511B3717120018710F /* QuartzCore.framework in Frameworks */ = {isa = PBXBuildFile; fileRef = C1C6B0501B3717120018710F /* QuartzCore.framework */; };
		C1C6B0531B3717180018710F /* Security.framework in Frameworks */ = {isa = PBXBuildFile; fileRef = C1C6B0521B3717180018710F /* Security.framework */; };
		C1C6B0551B37171D0018710F /* Social.framework in Frameworks */ = {isa = PBXBuildFile; fileRef = C1C6B0541B37171D0018710F /* Social.framework */; };
		C1C6B0571B3717240018710F /* StoreKit.framework in Frameworks */ = {isa = PBXBuildFile; fileRef = C1C6B0561B3717240018710F /* StoreKit.framework */; };
		C1C6B0591B3717290018710F /* SystemConfiguration.framework in Frameworks */ = {isa = PBXBuildFile; fileRef = C1C6B0581B3717290018710F /* SystemConfiguration.framework */; };
		C1C6B05B1B3717310018710F /* UIKit.framework in Frameworks */ = {isa = PBXBuildFile; fileRef = C1C6B05A1B3717310018710F /* UIKit.framework */; };
		C1C6B05D1B3717370018710F /* Foundation.framework in Frameworks */ = {isa = PBXBuildFile; fileRef = C1C6B05C1B3717370018710F /* Foundation.framework */; };
		C1C6B0651B3718270018710F /* ParseUI.framework in Frameworks */ = {isa = PBXBuildFile; fileRef = C1C6B05F1B3718270018710F /* ParseUI.framework */; };
		C1C6B0661B3718270018710F /* ParseUI.framework in Frameworks */ = {isa = PBXBuildFile; fileRef = C1C6B05F1B3718270018710F /* ParseUI.framework */; };
		C1C6B0671B3718280018710F /* ParseFacebookUtilsV4.framework in Frameworks */ = {isa = PBXBuildFile; fileRef = C1C6B0601B3718270018710F /* ParseFacebookUtilsV4.framework */; };
		C1C6B0681B3718280018710F /* ParseFacebookUtilsV4.framework in Frameworks */ = {isa = PBXBuildFile; fileRef = C1C6B0601B3718270018710F /* ParseFacebookUtilsV4.framework */; };
		C1C6B0691B3718280018710F /* ParseFacebookUtils.framework in Frameworks */ = {isa = PBXBuildFile; fileRef = C1C6B0611B3718270018710F /* ParseFacebookUtils.framework */; };
		C1C6B06A1B3718280018710F /* ParseFacebookUtils.framework in Frameworks */ = {isa = PBXBuildFile; fileRef = C1C6B0611B3718270018710F /* ParseFacebookUtils.framework */; };
		C1C6B06B1B3718280018710F /* ParseCrashReporting.framework in Frameworks */ = {isa = PBXBuildFile; fileRef = C1C6B0621B3718270018710F /* ParseCrashReporting.framework */; };
		C1C6B06C1B3718280018710F /* ParseCrashReporting.framework in Frameworks */ = {isa = PBXBuildFile; fileRef = C1C6B0621B3718270018710F /* ParseCrashReporting.framework */; };
		C1C6B06D1B3718280018710F /* Parse.framework in Frameworks */ = {isa = PBXBuildFile; fileRef = C1C6B0631B3718270018710F /* Parse.framework */; };
		C1C6B06E1B3718280018710F /* Parse.framework in Frameworks */ = {isa = PBXBuildFile; fileRef = C1C6B0631B3718270018710F /* Parse.framework */; };
		C1C6B06F1B3718280018710F /* Bolts.framework in Frameworks */ = {isa = PBXBuildFile; fileRef = C1C6B0641B3718270018710F /* Bolts.framework */; };
		C1C6B0701B3718280018710F /* Bolts.framework in Frameworks */ = {isa = PBXBuildFile; fileRef = C1C6B0641B3718270018710F /* Bolts.framework */; };
		C1FE69B31B362D9D00B52F87 /* main.m in Sources */ = {isa = PBXBuildFile; fileRef = C1FE69B21B362D9D00B52F87 /* main.m */; };
		C1FE69B61B362D9D00B52F87 /* AppDelegate.m in Sources */ = {isa = PBXBuildFile; fileRef = C1FE69B51B362D9D00B52F87 /* AppDelegate.m */; };
		C1FE69B91B362D9D00B52F87 /* EnLight.xcdatamodeld in Sources */ = {isa = PBXBuildFile; fileRef = C1FE69B71B362D9D00B52F87 /* EnLight.xcdatamodeld */; };
		C1FE69BC1B362D9D00B52F87 /* ViewController.m in Sources */ = {isa = PBXBuildFile; fileRef = C1FE69BB1B362D9D00B52F87 /* ViewController.m */; };
		C1FE69BF1B362D9D00B52F87 /* Main.storyboard in Resources */ = {isa = PBXBuildFile; fileRef = C1FE69BD1B362D9D00B52F87 /* Main.storyboard */; };
		C1FE69C11B362D9D00B52F87 /* Images.xcassets in Resources */ = {isa = PBXBuildFile; fileRef = C1FE69C01B362D9D00B52F87 /* Images.xcassets */; };
		C1FE69D01B362D9D00B52F87 /* EnLightTests.m in Sources */ = {isa = PBXBuildFile; fileRef = C1FE69CF1B362D9D00B52F87 /* EnLightTests.m */; };
		C1FE69DB1B362FFE00B52F87 /* AppConstants.m in Sources */ = {isa = PBXBuildFile; fileRef = C1FE69DA1B362FFE00B52F87 /* AppConstants.m */; };
		C1FE69DC1B362FFE00B52F87 /* AppConstants.m in Sources */ = {isa = PBXBuildFile; fileRef = C1FE69DA1B362FFE00B52F87 /* AppConstants.m */; };
		C1FE69E31B3636C200B52F87 /* OpenSans-Semibold.ttf in Resources */ = {isa = PBXBuildFile; fileRef = C1FE69DE1B3636C200B52F87 /* OpenSans-Semibold.ttf */; };
		C1FE69E41B3636C200B52F87 /* OpenSans-Semibold.ttf in Resources */ = {isa = PBXBuildFile; fileRef = C1FE69DE1B3636C200B52F87 /* OpenSans-Semibold.ttf */; };
		C1FE69E51B3636C200B52F87 /* OpenSans-Regular.ttf in Resources */ = {isa = PBXBuildFile; fileRef = C1FE69DF1B3636C200B52F87 /* OpenSans-Regular.ttf */; };
		C1FE69E61B3636C200B52F87 /* OpenSans-Regular.ttf in Resources */ = {isa = PBXBuildFile; fileRef = C1FE69DF1B3636C200B52F87 /* OpenSans-Regular.ttf */; };
		C1FE69E71B3636C200B52F87 /* OpenSans-Light.ttf in Resources */ = {isa = PBXBuildFile; fileRef = C1FE69E01B3636C200B52F87 /* OpenSans-Light.ttf */; };
		C1FE69E81B3636C200B52F87 /* OpenSans-Light.ttf in Resources */ = {isa = PBXBuildFile; fileRef = C1FE69E01B3636C200B52F87 /* OpenSans-Light.ttf */; };
		C1FE69E91B3636C200B52F87 /* OpenSans-ExtraBold.ttf in Resources */ = {isa = PBXBuildFile; fileRef = C1FE69E11B3636C200B52F87 /* OpenSans-ExtraBold.ttf */; };
		C1FE69EA1B3636C200B52F87 /* OpenSans-ExtraBold.ttf in Resources */ = {isa = PBXBuildFile; fileRef = C1FE69E11B3636C200B52F87 /* OpenSans-ExtraBold.ttf */; };
		C1FE69EB1B3636C200B52F87 /* OpenSans-Bold.ttf in Resources */ = {isa = PBXBuildFile; fileRef = C1FE69E21B3636C200B52F87 /* OpenSans-Bold.ttf */; };
		C1FE69EC1B3636C200B52F87 /* OpenSans-Bold.ttf in Resources */ = {isa = PBXBuildFile; fileRef = C1FE69E21B3636C200B52F87 /* OpenSans-Bold.ttf */; };
		C1FE69F01B363C0100B52F87 /* EnLightButton.m in Sources */ = {isa = PBXBuildFile; fileRef = C1FE69EF1B363C0100B52F87 /* EnLightButton.m */; };
		C1FE69F11B363C0100B52F87 /* EnLightButton.m in Sources */ = {isa = PBXBuildFile; fileRef = C1FE69EF1B363C0100B52F87 /* EnLightButton.m */; };
		C1FE69F51B36431400B52F87 /* Page2ViewController.m in Sources */ = {isa = PBXBuildFile; fileRef = C1FE69F41B36431400B52F87 /* Page2ViewController.m */; };
		C1FE69F61B36431400B52F87 /* Page2ViewController.m in Sources */ = {isa = PBXBuildFile; fileRef = C1FE69F41B36431400B52F87 /* Page2ViewController.m */; };
		C1FE69FC1B36479B00B52F87 /* Page3ViewController.m in Sources */ = {isa = PBXBuildFile; fileRef = C1FE69FB1B36479B00B52F87 /* Page3ViewController.m */; };
		C1FE69FD1B36479B00B52F87 /* Page3ViewController.m in Sources */ = {isa = PBXBuildFile; fileRef = C1FE69FB1B36479B00B52F87 /* Page3ViewController.m */; };
		C1FE6A011B3648EF00B52F87 /* Page4ViewController.m in Sources */ = {isa = PBXBuildFile; fileRef = C1FE6A001B3648EF00B52F87 /* Page4ViewController.m */; };
		C1FE6A021B3648EF00B52F87 /* Page4ViewController.m in Sources */ = {isa = PBXBuildFile; fileRef = C1FE6A001B3648EF00B52F87 /* Page4ViewController.m */; };
		C1FE6A061B364B0B00B52F87 /* Page5ViewController.m in Sources */ = {isa = PBXBuildFile; fileRef = C1FE6A051B364B0B00B52F87 /* Page5ViewController.m */; };
		C1FE6A071B364B0B00B52F87 /* Page5ViewController.m in Sources */ = {isa = PBXBuildFile; fileRef = C1FE6A051B364B0B00B52F87 /* Page5ViewController.m */; };
		C1FE6A0B1B364DDB00B52F87 /* WandViewController.m in Sources */ = {isa = PBXBuildFile; fileRef = C1FE6A0A1B364DDB00B52F87 /* WandViewController.m */; };
		C1FE6A0C1B364DDB00B52F87 /* WandViewController.m in Sources */ = {isa = PBXBuildFile; fileRef = C1FE6A0A1B364DDB00B52F87 /* WandViewController.m */; };
/* End PBXBuildFile section */

/* Begin PBXContainerItemProxy section */
		C1FE69CA1B362D9D00B52F87 /* PBXContainerItemProxy */ = {
			isa = PBXContainerItemProxy;
			containerPortal = C1FE69A51B362D9C00B52F87 /* Project object */;
			proxyType = 1;
			remoteGlobalIDString = C1FE69AC1B362D9C00B52F87;
			remoteInfo = EnLight;
		};
/* End PBXContainerItemProxy section */

/* Begin PBXFileReference section */
		42A29E4A1B3762F5008BB9D4 /* ESTBeacon.h */ = {isa = PBXFileReference; fileEncoding = 4; lastKnownFileType = sourcecode.c.h; path = ESTBeacon.h; sourceTree = "<group>"; };
		42A29E4B1B3762F5008BB9D4 /* ESTBeaconDefinitions.h */ = {isa = PBXFileReference; fileEncoding = 4; lastKnownFileType = sourcecode.c.h; path = ESTBeaconDefinitions.h; sourceTree = "<group>"; };
		42A29E4C1B3762F5008BB9D4 /* ESTBeaconFirmwareVO.h */ = {isa = PBXFileReference; fileEncoding = 4; lastKnownFileType = sourcecode.c.h; path = ESTBeaconFirmwareVO.h; sourceTree = "<group>"; };
		42A29E4D1B3762F5008BB9D4 /* ESTBeaconManager.h */ = {isa = PBXFileReference; fileEncoding = 4; lastKnownFileType = sourcecode.c.h; path = ESTBeaconManager.h; sourceTree = "<group>"; };
		42A29E4E1B3762F5008BB9D4 /* ESTBeaconRegion.h */ = {isa = PBXFileReference; fileEncoding = 4; lastKnownFileType = sourcecode.c.h; path = ESTBeaconRegion.h; sourceTree = "<group>"; };
		42A29E4F1B3762F5008BB9D4 /* ESTBeaconUpdateConfig.h */ = {isa = PBXFileReference; fileEncoding = 4; lastKnownFileType = sourcecode.c.h; path = ESTBeaconUpdateConfig.h; sourceTree = "<group>"; };
		42A29E501B3762F5008BB9D4 /* ESTBeaconUpdateInfo.h */ = {isa = PBXFileReference; fileEncoding = 4; lastKnownFileType = sourcecode.c.h; path = ESTBeaconUpdateInfo.h; sourceTree = "<group>"; };
		42A29E511B3762F5008BB9D4 /* ESTBeaconVO.h */ = {isa = PBXFileReference; fileEncoding = 4; lastKnownFileType = sourcecode.c.h; path = ESTBeaconVO.h; sourceTree = "<group>"; };
		42A29E521B3762F5008BB9D4 /* ESTBulkUpdater.h */ = {isa = PBXFileReference; fileEncoding = 4; lastKnownFileType = sourcecode.c.h; path = ESTBulkUpdater.h; sourceTree = "<group>"; };
		42A29E531B3762F5008BB9D4 /* ESTConfig.h */ = {isa = PBXFileReference; fileEncoding = 4; lastKnownFileType = sourcecode.c.h; path = ESTConfig.h; sourceTree = "<group>"; };
		42A29E541B3762F5008BB9D4 /* ESTDateRule.h */ = {isa = PBXFileReference; fileEncoding = 4; lastKnownFileType = sourcecode.c.h; path = ESTDateRule.h; sourceTree = "<group>"; };
		42A29E551B3762F5008BB9D4 /* ESTDefinitions.h */ = {isa = PBXFileReference; fileEncoding = 4; lastKnownFileType = sourcecode.c.h; path = ESTDefinitions.h; sourceTree = "<group>"; };
		42A29E561B3762F5008BB9D4 /* ESTFirmwareInfoVO.h */ = {isa = PBXFileReference; fileEncoding = 4; lastKnownFileType = sourcecode.c.h; path = ESTFirmwareInfoVO.h; sourceTree = "<group>"; };
		42A29E571B3762F5008BB9D4 /* ESTMotionRule.h */ = {isa = PBXFileReference; fileEncoding = 4; lastKnownFileType = sourcecode.c.h; path = ESTMotionRule.h; sourceTree = "<group>"; };
		42A29E581B3762F5008BB9D4 /* ESTNearable.h */ = {isa = PBXFileReference; fileEncoding = 4; lastKnownFileType = sourcecode.c.h; path = ESTNearable.h; sourceTree = "<group>"; };
		42A29E591B3762F5008BB9D4 /* ESTNearableDefinitions.h */ = {isa = PBXFileReference; fileEncoding = 4; lastKnownFileType = sourcecode.c.h; path = ESTNearableDefinitions.h; sourceTree = "<group>"; };
		42A29E5A1B3762F5008BB9D4 /* ESTNearableManager.h */ = {isa = PBXFileReference; fileEncoding = 4; lastKnownFileType = sourcecode.c.h; path = ESTNearableManager.h; sourceTree = "<group>"; };
		42A29E5B1B3762F5008BB9D4 /* ESTNearableRule.h */ = {isa = PBXFileReference; fileEncoding = 4; lastKnownFileType = sourcecode.c.h; path = ESTNearableRule.h; sourceTree = "<group>"; };
		42A29E5C1B3762F5008BB9D4 /* ESTOrientationRule.h */ = {isa = PBXFileReference; fileEncoding = 4; lastKnownFileType = sourcecode.c.h; path = ESTOrientationRule.h; sourceTree = "<group>"; };
		42A29E5D1B3762F5008BB9D4 /* ESTProximityRule.h */ = {isa = PBXFileReference; fileEncoding = 4; lastKnownFileType = sourcecode.c.h; path = ESTProximityRule.h; sourceTree = "<group>"; };
		42A29E5E1B3762F5008BB9D4 /* ESTRule.h */ = {isa = PBXFileReference; fileEncoding = 4; lastKnownFileType = sourcecode.c.h; path = ESTRule.h; sourceTree = "<group>"; };
		42A29E5F1B3762F5008BB9D4 /* ESTTemperatureRule.h */ = {isa = PBXFileReference; fileEncoding = 4; lastKnownFileType = sourcecode.c.h; path = ESTTemperatureRule.h; sourceTree = "<group>"; };
		42A29E601B3762F5008BB9D4 /* ESTTrigger.h */ = {isa = PBXFileReference; fileEncoding = 4; lastKnownFileType = sourcecode.c.h; path = ESTTrigger.h; sourceTree = "<group>"; };
		42A29E611B3762F5008BB9D4 /* ESTTriggerManager.h */ = {isa = PBXFileReference; fileEncoding = 4; lastKnownFileType = sourcecode.c.h; path = ESTTriggerManager.h; sourceTree = "<group>"; };
		42A29E621B3762F5008BB9D4 /* libEstimoteSDK.a */ = {isa = PBXFileReference; lastKnownFileType = archive.ar; path = libEstimoteSDK.a; sourceTree = "<group>"; };
		42A29E661B3762FE008BB9D4 /* ESTIndoorLocationManager.h */ = {isa = PBXFileReference; fileEncoding = 4; lastKnownFileType = sourcecode.c.h; path = ESTIndoorLocationManager.h; sourceTree = "<group>"; };
		42A29E671B3762FE008BB9D4 /* ESTIndoorLocationView.h */ = {isa = PBXFileReference; fileEncoding = 4; lastKnownFileType = sourcecode.c.h; path = ESTIndoorLocationView.h; sourceTree = "<group>"; };
		42A29E681B3762FE008BB9D4 /* ESTIndoorSDK.h */ = {isa = PBXFileReference; fileEncoding = 4; lastKnownFileType = sourcecode.c.h; path = ESTIndoorSDK.h; sourceTree = "<group>"; };
		42A29E691B3762FE008BB9D4 /* ESTLocation.h */ = {isa = PBXFileReference; fileEncoding = 4; lastKnownFileType = sourcecode.c.h; path = ESTLocation.h; sourceTree = "<group>"; };
		42A29E6A1B3762FE008BB9D4 /* ESTLocationBuilder.h */ = {isa = PBXFileReference; fileEncoding = 4; lastKnownFileType = sourcecode.c.h; path = ESTLocationBuilder.h; sourceTree = "<group>"; };
		42A29E6B1B3762FE008BB9D4 /* ESTLocationLinearObject.h */ = {isa = PBXFileReference; fileEncoding = 4; lastKnownFileType = sourcecode.c.h; path = ESTLocationLinearObject.h; sourceTree = "<group>"; };
		42A29E6C1B3762FE008BB9D4 /* ESTOrientedLineSegment.h */ = {isa = PBXFileReference; fileEncoding = 4; lastKnownFileType = sourcecode.c.h; path = ESTOrientedLineSegment.h; sourceTree = "<group>"; };
		42A29E6D1B3762FE008BB9D4 /* ESTOrientedPoint.h */ = {isa = PBXFileReference; fileEncoding = 4; lastKnownFileType = sourcecode.c.h; path = ESTOrientedPoint.h; sourceTree = "<group>"; };
		42A29E6E1B3762FE008BB9D4 /* ESTPoint.h */ = {isa = PBXFileReference; fileEncoding = 4; lastKnownFileType = sourcecode.c.h; path = ESTPoint.h; sourceTree = "<group>"; };
		42A29E6F1B3762FE008BB9D4 /* ESTPositionedBeacon.h */ = {isa = PBXFileReference; fileEncoding = 4; lastKnownFileType = sourcecode.c.h; path = ESTPositionedBeacon.h; sourceTree = "<group>"; };
		42A29E701B3762FE008BB9D4 /* ESTPositionView.h */ = {isa = PBXFileReference; fileEncoding = 4; lastKnownFileType = sourcecode.c.h; path = ESTPositionView.h; sourceTree = "<group>"; };
		42A29E711B3762FE008BB9D4 /* libEstimoteIndoorSDK.a */ = {isa = PBXFileReference; lastKnownFileType = archive.ar; path = libEstimoteIndoorSDK.a; sourceTree = "<group>"; };
		42A29E731B3762FE008BB9D4 /* 5a.mov */ = {isa = PBXFileReference; lastKnownFileType = video.quicktime; path = 5a.mov; sourceTree = "<group>"; };
		42A29E741B3762FE008BB9D4 /* 5b.mov */ = {isa = PBXFileReference; lastKnownFileType = video.quicktime; path = 5b.mov; sourceTree = "<group>"; };
		42A29E751B3762FE008BB9D4 /* 8a.mov */ = {isa = PBXFileReference; lastKnownFileType = video.quicktime; path = 8a.mov; sourceTree = "<group>"; };
		42A29E761B3762FE008BB9D4 /* 8b.mov */ = {isa = PBXFileReference; lastKnownFileType = video.quicktime; path = 8b.mov; sourceTree = "<group>"; };
		42A29E771B3762FE008BB9D4 /* 8c.mov */ = {isa = PBXFileReference; lastKnownFileType = video.quicktime; path = 8c.mov; sourceTree = "<group>"; };
		42A29E791B3762FE008BB9D4 /* 5a_first_frame@2x.png */ = {isa = PBXFileReference; lastKnownFileType = image.png; path = "5a_first_frame@2x.png"; sourceTree = "<group>"; };
		42A29E7A1B3762FE008BB9D4 /* 5b_first_frame@2x.png */ = {isa = PBXFileReference; lastKnownFileType = image.png; path = "5b_first_frame@2x.png"; sourceTree = "<group>"; };
		42A29E7B1B3762FE008BB9D4 /* 8a_first_frame@2x.png */ = {isa = PBXFileReference; lastKnownFileType = image.png; path = "8a_first_frame@2x.png"; sourceTree = "<group>"; };
		42A29E7C1B3762FE008BB9D4 /* 8b_first_frame@2x.png */ = {isa = PBXFileReference; lastKnownFileType = image.png; path = "8b_first_frame@2x.png"; sourceTree = "<group>"; };
		42A29E7D1B3762FE008BB9D4 /* 8c_first_frame@2x.png */ = {isa = PBXFileReference; lastKnownFileType = image.png; path = "8c_first_frame@2x.png"; sourceTree = "<group>"; };
		42A29E7E1B3762FE008BB9D4 /* beacon_grey@2x.png */ = {isa = PBXFileReference; lastKnownFileType = image.png; path = "beacon_grey@2x.png"; sourceTree = "<group>"; };
		42A29E7F1B3762FE008BB9D4 /* beaconblueberry@2x.png */ = {isa = PBXFileReference; lastKnownFileType = image.png; path = "beaconblueberry@2x.png"; sourceTree = "<group>"; };
		42A29E801B3762FE008BB9D4 /* beaconBlueberrySmall.png */ = {isa = PBXFileReference; lastKnownFileType = image.png; path = beaconBlueberrySmall.png; sourceTree = "<group>"; };
		42A29E811B3762FE008BB9D4 /* beaconBlueberrySmall@2x.png */ = {isa = PBXFileReference; lastKnownFileType = image.png; path = "beaconBlueberrySmall@2x.png"; sourceTree = "<group>"; };
		42A29E821B3762FE008BB9D4 /* beacongrey@2x.png */ = {isa = PBXFileReference; lastKnownFileType = image.png; path = "beacongrey@2x.png"; sourceTree = "<group>"; };
		42A29E831B3762FE008BB9D4 /* beaconGreySmall@2x.png */ = {isa = PBXFileReference; lastKnownFileType = image.png; path = "beaconGreySmall@2x.png"; sourceTree = "<group>"; };
		42A29E841B3762FE008BB9D4 /* beaconicy@2x.png */ = {isa = PBXFileReference; lastKnownFileType = image.png; path = "beaconicy@2x.png"; sourceTree = "<group>"; };
		42A29E851B3762FE008BB9D4 /* beaconIcySmall.png */ = {isa = PBXFileReference; lastKnownFileType = image.png; path = beaconIcySmall.png; sourceTree = "<group>"; };
		42A29E861B3762FE008BB9D4 /* beaconIcySmall@2x.png */ = {isa = PBXFileReference; lastKnownFileType = image.png; path = "beaconIcySmall@2x.png"; sourceTree = "<group>"; };
		42A29E871B3762FE008BB9D4 /* beaconmint@2x.png */ = {isa = PBXFileReference; lastKnownFileType = image.png; path = "beaconmint@2x.png"; sourceTree = "<group>"; };
		42A29E881B3762FE008BB9D4 /* beaconMintSmall.png */ = {isa = PBXFileReference; lastKnownFileType = image.png; path = beaconMintSmall.png; sourceTree = "<group>"; };
		42A29E891B3762FE008BB9D4 /* beaconMintSmall@2x.png */ = {isa = PBXFileReference; lastKnownFileType = image.png; path = "beaconMintSmall@2x.png"; sourceTree = "<group>"; };
		42A29E8A1B3762FE008BB9D4 /* indoor_error@2x.png */ = {isa = PBXFileReference; lastKnownFileType = image.png; path = "indoor_error@2x.png"; sourceTree = "<group>"; };
		42A29E8B1B3762FE008BB9D4 /* instructions@2x.png */ = {isa = PBXFileReference; lastKnownFileType = image.png; path = "instructions@2x.png"; sourceTree = "<group>"; };
		42A29E8C1B3762FE008BB9D4 /* navigation_guy@2x.png */ = {isa = PBXFileReference; lastKnownFileType = image.png; path = "navigation_guy@2x.png"; sourceTree = "<group>"; };
		42A29E8D1B3762FE008BB9D4 /* screen8_beacon_blue@2x.png */ = {isa = PBXFileReference; lastKnownFileType = image.png; path = "screen8_beacon_blue@2x.png"; sourceTree = "<group>"; };
		42A29E8E1B3762FE008BB9D4 /* screen8_beacon_gray@2x.png */ = {isa = PBXFileReference; lastKnownFileType = image.png; path = "screen8_beacon_gray@2x.png"; sourceTree = "<group>"; };
		42A29E8F1B3762FE008BB9D4 /* screen8_beacon_gray_trans@2x.png */ = {isa = PBXFileReference; lastKnownFileType = image.png; path = "screen8_beacon_gray_trans@2x.png"; sourceTree = "<group>"; };
		42A29E901B3762FE008BB9D4 /* screen8_beacon_green@2x.png */ = {isa = PBXFileReference; lastKnownFileType = image.png; path = "screen8_beacon_green@2x.png"; sourceTree = "<group>"; };
		42A29E911B3762FE008BB9D4 /* screen8_beacon_purple@2x.png */ = {isa = PBXFileReference; lastKnownFileType = image.png; path = "screen8_beacon_purple@2x.png"; sourceTree = "<group>"; };
		42A29E921B3762FE008BB9D4 /* tick@2x.png */ = {isa = PBXFileReference; lastKnownFileType = image.png; path = "tick@2x.png"; sourceTree = "<group>"; };
		42A29E931B3762FE008BB9D4 /* welcome@2x.png */ = {isa = PBXFileReference; lastKnownFileType = image.png; path = "welcome@2x.png"; sourceTree = "<group>"; };
		42A29E941B3762FE008BB9D4 /* SixBeaconsView.xib */ = {isa = PBXFileReference; fileEncoding = 4; lastKnownFileType = file.xib; path = SixBeaconsView.xib; sourceTree = "<group>"; };
		42A29E951B3762FE008BB9D4 /* wall_bump.wav */ = {isa = PBXFileReference; lastKnownFileType = audio.wav; path = wall_bump.wav; sourceTree = "<group>"; };
		42A29EB91B376338008BB9D4 /* CoreBluetooth.framework */ = {isa = PBXFileReference; lastKnownFileType = wrapper.framework; name = CoreBluetooth.framework; path = System/Library/Frameworks/CoreBluetooth.framework; sourceTree = SDKROOT; };
		42A29EBB1B376347008BB9D4 /* CoreMotion.framework */ = {isa = PBXFileReference; lastKnownFileType = wrapper.framework; name = CoreMotion.framework; path = System/Library/Frameworks/CoreMotion.framework; sourceTree = SDKROOT; };
		42A29EBD1B376353008BB9D4 /* AVFoundation.framework */ = {isa = PBXFileReference; lastKnownFileType = wrapper.framework; name = AVFoundation.framework; path = System/Library/Frameworks/AVFoundation.framework; sourceTree = SDKROOT; };
		42A29EBF1B37635D008BB9D4 /* MediaPlayer.framework */ = {isa = PBXFileReference; lastKnownFileType = wrapper.framework; name = MediaPlayer.framework; path = System/Library/Frameworks/MediaPlayer.framework; sourceTree = SDKROOT; };
		42A29EC11B37636A008BB9D4 /* MessageUI.framework */ = {isa = PBXFileReference; lastKnownFileType = wrapper.framework; name = MessageUI.framework; path = System/Library/Frameworks/MessageUI.framework; sourceTree = SDKROOT; };
		42A29EC41B376513008BB9D4 /* EnlightEstimoteViewController.h */ = {isa = PBXFileReference; fileEncoding = 4; lastKnownFileType = sourcecode.c.h; name = EnlightEstimoteViewController.h; path = EstimoteBeaconSetup/EnlightEstimoteViewController.h; sourceTree = "<group>"; };
		42A29EC51B376513008BB9D4 /* EnlightEstimoteViewController.m */ = {isa = PBXFileReference; fileEncoding = 4; lastKnownFileType = sourcecode.c.objc; name = EnlightEstimoteViewController.m; path = EstimoteBeaconSetup/EnlightEstimoteViewController.m; sourceTree = "<group>"; };
		42A29EC71B379617008BB9D4 /* ashwinLocation.json */ = {isa = PBXFileReference; fileEncoding = 4; lastKnownFileType = text.json; path = ashwinLocation.json; sourceTree = "<group>"; };
		C10C54091B367472001CC7BF /* CoreLocation.framework */ = {isa = PBXFileReference; lastKnownFileType = wrapper.framework; name = CoreLocation.framework; path = System/Library/Frameworks/CoreLocation.framework; sourceTree = SDKROOT; };
		C17D74D71B373EBF007F0041 /* Base */ = {isa = PBXFileReference; lastKnownFileType = file.xib; name = Base; path = EnLight/Base.lproj/LaunchScreen.xib; sourceTree = "<group>"; };
		C17D74D91B3754D0007F0041 /* EnLightAlgorithm.h */ = {isa = PBXFileReference; fileEncoding = 4; lastKnownFileType = sourcecode.c.h; path = EnLightAlgorithm.h; sourceTree = "<group>"; };
		C17D74DA1B3754D0007F0041 /* EnLightAlgorithm.m */ = {isa = PBXFileReference; fileEncoding = 4; lastKnownFileType = sourcecode.c.objc; path = EnLightAlgorithm.m; sourceTree = "<group>"; };
		C1C6B0391B37164F0018710F /* EnLightDBManager.m */ = {isa = PBXFileReference; fileEncoding = 4; lastKnownFileType = sourcecode.c.objc; path = EnLightDBManager.m; sourceTree = "<group>"; };
		C1C6B03A1B37164F0018710F /* EnLightDBManager.h */ = {isa = PBXFileReference; fileEncoding = 4; lastKnownFileType = sourcecode.c.h; path = EnLightDBManager.h; sourceTree = "<group>"; };
		C1C6B03B1B37164F0018710F /* BeaconObject.m */ = {isa = PBXFileReference; fileEncoding = 4; lastKnownFileType = sourcecode.c.objc; path = BeaconObject.m; sourceTree = "<group>"; };
		C1C6B03C1B37164F0018710F /* BeaconObject.h */ = {isa = PBXFileReference; fileEncoding = 4; lastKnownFileType = sourcecode.c.h; path = BeaconObject.h; sourceTree = "<group>"; };
		C1C6B0401B3716D90018710F /* AudioToolbox.framework */ = {isa = PBXFileReference; lastKnownFileType = wrapper.framework; name = AudioToolbox.framework; path = System/Library/Frameworks/AudioToolbox.framework; sourceTree = SDKROOT; };
		C1C6B0421B3716DE0018710F /* Accounts.framework */ = {isa = PBXFileReference; lastKnownFileType = wrapper.framework; name = Accounts.framework; path = System/Library/Frameworks/Accounts.framework; sourceTree = SDKROOT; };
		C1C6B0441B3716E30018710F /* AdSupport.framework */ = {isa = PBXFileReference; lastKnownFileType = wrapper.framework; name = AdSupport.framework; path = System/Library/Frameworks/AdSupport.framework; sourceTree = SDKROOT; };
		C1C6B0461B3716E90018710F /* CFNetwork.framework */ = {isa = PBXFileReference; lastKnownFileType = wrapper.framework; name = CFNetwork.framework; path = System/Library/Frameworks/CFNetwork.framework; sourceTree = SDKROOT; };
		C1C6B0481B3716EF0018710F /* CoreGraphics.framework */ = {isa = PBXFileReference; lastKnownFileType = wrapper.framework; name = CoreGraphics.framework; path = System/Library/Frameworks/CoreGraphics.framework; sourceTree = SDKROOT; };
		C1C6B04A1B3716FB0018710F /* libsqlite3.dylib */ = {isa = PBXFileReference; lastKnownFileType = "compiled.mach-o.dylib"; name = libsqlite3.dylib; path = usr/lib/libsqlite3.dylib; sourceTree = SDKROOT; };
		C1C6B04C1B3717010018710F /* libz.1.1.3.dylib */ = {isa = PBXFileReference; lastKnownFileType = "compiled.mach-o.dylib"; name = libz.1.1.3.dylib; path = usr/lib/libz.1.1.3.dylib; sourceTree = SDKROOT; };
		C1C6B04E1B3717090018710F /* MobileCoreServices.framework */ = {isa = PBXFileReference; lastKnownFileType = wrapper.framework; name = MobileCoreServices.framework; path = System/Library/Frameworks/MobileCoreServices.framework; sourceTree = SDKROOT; };
		C1C6B0501B3717120018710F /* QuartzCore.framework */ = {isa = PBXFileReference; lastKnownFileType = wrapper.framework; name = QuartzCore.framework; path = System/Library/Frameworks/QuartzCore.framework; sourceTree = SDKROOT; };
		C1C6B0521B3717180018710F /* Security.framework */ = {isa = PBXFileReference; lastKnownFileType = wrapper.framework; name = Security.framework; path = System/Library/Frameworks/Security.framework; sourceTree = SDKROOT; };
		C1C6B0541B37171D0018710F /* Social.framework */ = {isa = PBXFileReference; lastKnownFileType = wrapper.framework; name = Social.framework; path = System/Library/Frameworks/Social.framework; sourceTree = SDKROOT; };
		C1C6B0561B3717240018710F /* StoreKit.framework */ = {isa = PBXFileReference; lastKnownFileType = wrapper.framework; name = StoreKit.framework; path = System/Library/Frameworks/StoreKit.framework; sourceTree = SDKROOT; };
		C1C6B0581B3717290018710F /* SystemConfiguration.framework */ = {isa = PBXFileReference; lastKnownFileType = wrapper.framework; name = SystemConfiguration.framework; path = System/Library/Frameworks/SystemConfiguration.framework; sourceTree = SDKROOT; };
		C1C6B05A1B3717310018710F /* UIKit.framework */ = {isa = PBXFileReference; lastKnownFileType = wrapper.framework; name = UIKit.framework; path = System/Library/Frameworks/UIKit.framework; sourceTree = SDKROOT; };
		C1C6B05C1B3717370018710F /* Foundation.framework */ = {isa = PBXFileReference; lastKnownFileType = wrapper.framework; name = Foundation.framework; path = System/Library/Frameworks/Foundation.framework; sourceTree = SDKROOT; };
		C1C6B05F1B3718270018710F /* ParseUI.framework */ = {isa = PBXFileReference; lastKnownFileType = wrapper.framework; path = ParseUI.framework; sourceTree = "<group>"; };
		C1C6B0601B3718270018710F /* ParseFacebookUtilsV4.framework */ = {isa = PBXFileReference; lastKnownFileType = wrapper.framework; path = ParseFacebookUtilsV4.framework; sourceTree = "<group>"; };
		C1C6B0611B3718270018710F /* ParseFacebookUtils.framework */ = {isa = PBXFileReference; lastKnownFileType = wrapper.framework; path = ParseFacebookUtils.framework; sourceTree = "<group>"; };
		C1C6B0621B3718270018710F /* ParseCrashReporting.framework */ = {isa = PBXFileReference; lastKnownFileType = wrapper.framework; path = ParseCrashReporting.framework; sourceTree = "<group>"; };
		C1C6B0631B3718270018710F /* Parse.framework */ = {isa = PBXFileReference; lastKnownFileType = wrapper.framework; path = Parse.framework; sourceTree = "<group>"; };
		C1C6B0641B3718270018710F /* Bolts.framework */ = {isa = PBXFileReference; lastKnownFileType = wrapper.framework; path = Bolts.framework; sourceTree = "<group>"; };
		C1FE69AD1B362D9C00B52F87 /* EnLight.app */ = {isa = PBXFileReference; explicitFileType = wrapper.application; includeInIndex = 0; path = EnLight.app; sourceTree = BUILT_PRODUCTS_DIR; };
		C1FE69B11B362D9D00B52F87 /* Info.plist */ = {isa = PBXFileReference; lastKnownFileType = text.plist.xml; path = Info.plist; sourceTree = "<group>"; };
		C1FE69B21B362D9D00B52F87 /* main.m */ = {isa = PBXFileReference; lastKnownFileType = sourcecode.c.objc; path = main.m; sourceTree = "<group>"; };
		C1FE69B41B362D9D00B52F87 /* AppDelegate.h */ = {isa = PBXFileReference; lastKnownFileType = sourcecode.c.h; path = AppDelegate.h; sourceTree = "<group>"; };
		C1FE69B51B362D9D00B52F87 /* AppDelegate.m */ = {isa = PBXFileReference; lastKnownFileType = sourcecode.c.objc; path = AppDelegate.m; sourceTree = "<group>"; };
		C1FE69B81B362D9D00B52F87 /* EnLight.xcdatamodel */ = {isa = PBXFileReference; lastKnownFileType = wrapper.xcdatamodel; path = EnLight.xcdatamodel; sourceTree = "<group>"; };
		C1FE69BA1B362D9D00B52F87 /* ViewController.h */ = {isa = PBXFileReference; lastKnownFileType = sourcecode.c.h; path = ViewController.h; sourceTree = "<group>"; };
		C1FE69BB1B362D9D00B52F87 /* ViewController.m */ = {isa = PBXFileReference; lastKnownFileType = sourcecode.c.objc; path = ViewController.m; sourceTree = "<group>"; };
		C1FE69BE1B362D9D00B52F87 /* Base */ = {isa = PBXFileReference; lastKnownFileType = file.storyboard; name = Base; path = Base.lproj/Main.storyboard; sourceTree = "<group>"; };
		C1FE69C01B362D9D00B52F87 /* Images.xcassets */ = {isa = PBXFileReference; lastKnownFileType = folder.assetcatalog; path = Images.xcassets; sourceTree = "<group>"; };
		C1FE69C91B362D9D00B52F87 /* EnLightTests.xctest */ = {isa = PBXFileReference; explicitFileType = wrapper.cfbundle; includeInIndex = 0; path = EnLightTests.xctest; sourceTree = BUILT_PRODUCTS_DIR; };
		C1FE69CE1B362D9D00B52F87 /* Info.plist */ = {isa = PBXFileReference; lastKnownFileType = text.plist.xml; path = Info.plist; sourceTree = "<group>"; };
		C1FE69CF1B362D9D00B52F87 /* EnLightTests.m */ = {isa = PBXFileReference; lastKnownFileType = sourcecode.c.objc; path = EnLightTests.m; sourceTree = "<group>"; };
		C1FE69D91B362FFE00B52F87 /* AppConstants.h */ = {isa = PBXFileReference; fileEncoding = 4; lastKnownFileType = sourcecode.c.h; path = AppConstants.h; sourceTree = "<group>"; };
		C1FE69DA1B362FFE00B52F87 /* AppConstants.m */ = {isa = PBXFileReference; fileEncoding = 4; lastKnownFileType = sourcecode.c.objc; path = AppConstants.m; sourceTree = "<group>"; };
		C1FE69DE1B3636C200B52F87 /* OpenSans-Semibold.ttf */ = {isa = PBXFileReference; lastKnownFileType = file; path = "OpenSans-Semibold.ttf"; sourceTree = "<group>"; };
		C1FE69DF1B3636C200B52F87 /* OpenSans-Regular.ttf */ = {isa = PBXFileReference; lastKnownFileType = file; path = "OpenSans-Regular.ttf"; sourceTree = "<group>"; };
		C1FE69E01B3636C200B52F87 /* OpenSans-Light.ttf */ = {isa = PBXFileReference; lastKnownFileType = file; path = "OpenSans-Light.ttf"; sourceTree = "<group>"; };
		C1FE69E11B3636C200B52F87 /* OpenSans-ExtraBold.ttf */ = {isa = PBXFileReference; lastKnownFileType = file; path = "OpenSans-ExtraBold.ttf"; sourceTree = "<group>"; };
		C1FE69E21B3636C200B52F87 /* OpenSans-Bold.ttf */ = {isa = PBXFileReference; lastKnownFileType = file; path = "OpenSans-Bold.ttf"; sourceTree = "<group>"; };
		C1FE69EE1B363C0100B52F87 /* EnLightButton.h */ = {isa = PBXFileReference; fileEncoding = 4; lastKnownFileType = sourcecode.c.h; path = EnLightButton.h; sourceTree = "<group>"; };
		C1FE69EF1B363C0100B52F87 /* EnLightButton.m */ = {isa = PBXFileReference; fileEncoding = 4; lastKnownFileType = sourcecode.c.objc; path = EnLightButton.m; sourceTree = "<group>"; };
		C1FE69F31B36431400B52F87 /* Page2ViewController.h */ = {isa = PBXFileReference; fileEncoding = 4; lastKnownFileType = sourcecode.c.h; path = Page2ViewController.h; sourceTree = "<group>"; };
		C1FE69F41B36431400B52F87 /* Page2ViewController.m */ = {isa = PBXFileReference; fileEncoding = 4; lastKnownFileType = sourcecode.c.objc; path = Page2ViewController.m; sourceTree = "<group>"; };
		C1FE69FA1B36479B00B52F87 /* Page3ViewController.h */ = {isa = PBXFileReference; fileEncoding = 4; lastKnownFileType = sourcecode.c.h; path = Page3ViewController.h; sourceTree = "<group>"; };
		C1FE69FB1B36479B00B52F87 /* Page3ViewController.m */ = {isa = PBXFileReference; fileEncoding = 4; lastKnownFileType = sourcecode.c.objc; path = Page3ViewController.m; sourceTree = "<group>"; };
		C1FE69FF1B3648EF00B52F87 /* Page4ViewController.h */ = {isa = PBXFileReference; fileEncoding = 4; lastKnownFileType = sourcecode.c.h; path = Page4ViewController.h; sourceTree = "<group>"; };
		C1FE6A001B3648EF00B52F87 /* Page4ViewController.m */ = {isa = PBXFileReference; fileEncoding = 4; lastKnownFileType = sourcecode.c.objc; path = Page4ViewController.m; sourceTree = "<group>"; };
		C1FE6A041B364B0B00B52F87 /* Page5ViewController.h */ = {isa = PBXFileReference; fileEncoding = 4; lastKnownFileType = sourcecode.c.h; path = Page5ViewController.h; sourceTree = "<group>"; };
		C1FE6A051B364B0B00B52F87 /* Page5ViewController.m */ = {isa = PBXFileReference; fileEncoding = 4; lastKnownFileType = sourcecode.c.objc; path = Page5ViewController.m; sourceTree = "<group>"; };
		C1FE6A091B364DDB00B52F87 /* WandViewController.h */ = {isa = PBXFileReference; fileEncoding = 4; lastKnownFileType = sourcecode.c.h; path = WandViewController.h; sourceTree = "<group>"; };
		C1FE6A0A1B364DDB00B52F87 /* WandViewController.m */ = {isa = PBXFileReference; fileEncoding = 4; lastKnownFileType = sourcecode.c.objc; path = WandViewController.m; sourceTree = "<group>"; };
/* End PBXFileReference section */

/* Begin PBXFrameworksBuildPhase section */
		C1FE69AA1B362D9C00B52F87 /* Frameworks */ = {
			isa = PBXFrameworksBuildPhase;
			buildActionMask = 2147483647;
			files = (
				42A29EC21B37636A008BB9D4 /* MessageUI.framework in Frameworks */,
				42A29EC01B37635D008BB9D4 /* MediaPlayer.framework in Frameworks */,
				42A29EBE1B376353008BB9D4 /* AVFoundation.framework in Frameworks */,
				42A29EBC1B376347008BB9D4 /* CoreMotion.framework in Frameworks */,
				42A29EBA1B376339008BB9D4 /* CoreBluetooth.framework in Frameworks */,
				C1C6B05D1B3717370018710F /* Foundation.framework in Frameworks */,
				C1C6B05B1B3717310018710F /* UIKit.framework in Frameworks */,
				C1C6B0591B3717290018710F /* SystemConfiguration.framework in Frameworks */,
				42A29E961B3762FE008BB9D4 /* libEstimoteIndoorSDK.a in Frameworks */,
				C1C6B0571B3717240018710F /* StoreKit.framework in Frameworks */,
				C1C6B0551B37171D0018710F /* Social.framework in Frameworks */,
				C1C6B0691B3718280018710F /* ParseFacebookUtils.framework in Frameworks */,
				C1C6B0531B3717180018710F /* Security.framework in Frameworks */,
				C1C6B0511B3717120018710F /* QuartzCore.framework in Frameworks */,
				C1C6B04F1B3717090018710F /* MobileCoreServices.framework in Frameworks */,
				C1C6B04D1B3717010018710F /* libz.1.1.3.dylib in Frameworks */,
				C1C6B06D1B3718280018710F /* Parse.framework in Frameworks */,
				C1C6B0651B3718270018710F /* ParseUI.framework in Frameworks */,
				C1C6B06B1B3718280018710F /* ParseCrashReporting.framework in Frameworks */,
				C1C6B04B1B3716FB0018710F /* libsqlite3.dylib in Frameworks */,
				C10C540A1B367472001CC7BF /* CoreLocation.framework in Frameworks */,
				C1C6B0491B3716EF0018710F /* CoreGraphics.framework in Frameworks */,
				C1C6B0471B3716E90018710F /* CFNetwork.framework in Frameworks */,
				C1C6B0671B3718280018710F /* ParseFacebookUtilsV4.framework in Frameworks */,
				42A29E631B3762F5008BB9D4 /* libEstimoteSDK.a in Frameworks */,
				C1C6B0451B3716E30018710F /* AdSupport.framework in Frameworks */,
				C1C6B06F1B3718280018710F /* Bolts.framework in Frameworks */,
				C1C6B0431B3716DE0018710F /* Accounts.framework in Frameworks */,
				C1C6B0411B3716D90018710F /* AudioToolbox.framework in Frameworks */,
			);
			runOnlyForDeploymentPostprocessing = 0;
		};
		C1FE69C61B362D9D00B52F87 /* Frameworks */ = {
			isa = PBXFrameworksBuildPhase;
			buildActionMask = 2147483647;
			files = (
				C1C6B0681B3718280018710F /* ParseFacebookUtilsV4.framework in Frameworks */,
				C1C6B0661B3718270018710F /* ParseUI.framework in Frameworks */,
				C1C6B06A1B3718280018710F /* ParseFacebookUtils.framework in Frameworks */,
				C1C6B0701B3718280018710F /* Bolts.framework in Frameworks */,
				C1C6B06C1B3718280018710F /* ParseCrashReporting.framework in Frameworks */,
				C1C6B06E1B3718280018710F /* Parse.framework in Frameworks */,
			);
			runOnlyForDeploymentPostprocessing = 0;
		};
/* End PBXFrameworksBuildPhase section */

/* Begin PBXGroup section */
		42A29E481B3762F5008BB9D4 /* EstimoteSDK */ = {
			isa = PBXGroup;
			children = (
				42A29E491B3762F5008BB9D4 /* Headers */,
				42A29E621B3762F5008BB9D4 /* libEstimoteSDK.a */,
			);
			path = EstimoteSDK;
			sourceTree = "<group>";
		};
		42A29E491B3762F5008BB9D4 /* Headers */ = {
			isa = PBXGroup;
			children = (
				42A29E4A1B3762F5008BB9D4 /* ESTBeacon.h */,
				42A29E4B1B3762F5008BB9D4 /* ESTBeaconDefinitions.h */,
				42A29E4C1B3762F5008BB9D4 /* ESTBeaconFirmwareVO.h */,
				42A29E4D1B3762F5008BB9D4 /* ESTBeaconManager.h */,
				42A29E4E1B3762F5008BB9D4 /* ESTBeaconRegion.h */,
				42A29E4F1B3762F5008BB9D4 /* ESTBeaconUpdateConfig.h */,
				42A29E501B3762F5008BB9D4 /* ESTBeaconUpdateInfo.h */,
				42A29E511B3762F5008BB9D4 /* ESTBeaconVO.h */,
				42A29E521B3762F5008BB9D4 /* ESTBulkUpdater.h */,
				42A29E531B3762F5008BB9D4 /* ESTConfig.h */,
				42A29E541B3762F5008BB9D4 /* ESTDateRule.h */,
				42A29E551B3762F5008BB9D4 /* ESTDefinitions.h */,
				42A29E561B3762F5008BB9D4 /* ESTFirmwareInfoVO.h */,
				42A29E571B3762F5008BB9D4 /* ESTMotionRule.h */,
				42A29E581B3762F5008BB9D4 /* ESTNearable.h */,
				42A29E591B3762F5008BB9D4 /* ESTNearableDefinitions.h */,
				42A29E5A1B3762F5008BB9D4 /* ESTNearableManager.h */,
				42A29E5B1B3762F5008BB9D4 /* ESTNearableRule.h */,
				42A29E5C1B3762F5008BB9D4 /* ESTOrientationRule.h */,
				42A29E5D1B3762F5008BB9D4 /* ESTProximityRule.h */,
				42A29E5E1B3762F5008BB9D4 /* ESTRule.h */,
				42A29E5F1B3762F5008BB9D4 /* ESTTemperatureRule.h */,
				42A29E601B3762F5008BB9D4 /* ESTTrigger.h */,
				42A29E611B3762F5008BB9D4 /* ESTTriggerManager.h */,
			);
			path = Headers;
			sourceTree = "<group>";
		};
		42A29E641B3762FE008BB9D4 /* EstimoteIndoorLocationSDK */ = {
			isa = PBXGroup;
			children = (
				42A29E651B3762FE008BB9D4 /* Headers */,
				42A29E711B3762FE008BB9D4 /* libEstimoteIndoorSDK.a */,
				42A29E721B3762FE008BB9D4 /* Resources */,
			);
			path = EstimoteIndoorLocationSDK;
			sourceTree = "<group>";
		};
		42A29E651B3762FE008BB9D4 /* Headers */ = {
			isa = PBXGroup;
			children = (
				42A29E661B3762FE008BB9D4 /* ESTIndoorLocationManager.h */,
				42A29E671B3762FE008BB9D4 /* ESTIndoorLocationView.h */,
				42A29E681B3762FE008BB9D4 /* ESTIndoorSDK.h */,
				42A29E691B3762FE008BB9D4 /* ESTLocation.h */,
				42A29E6A1B3762FE008BB9D4 /* ESTLocationBuilder.h */,
				42A29E6B1B3762FE008BB9D4 /* ESTLocationLinearObject.h */,
				42A29E6C1B3762FE008BB9D4 /* ESTOrientedLineSegment.h */,
				42A29E6D1B3762FE008BB9D4 /* ESTOrientedPoint.h */,
				42A29E6E1B3762FE008BB9D4 /* ESTPoint.h */,
				42A29E6F1B3762FE008BB9D4 /* ESTPositionedBeacon.h */,
				42A29E701B3762FE008BB9D4 /* ESTPositionView.h */,
			);
			path = Headers;
			sourceTree = "<group>";
		};
		42A29E721B3762FE008BB9D4 /* Resources */ = {
			isa = PBXGroup;
			children = (
				42A29E731B3762FE008BB9D4 /* 5a.mov */,
				42A29E741B3762FE008BB9D4 /* 5b.mov */,
				42A29E751B3762FE008BB9D4 /* 8a.mov */,
				42A29E761B3762FE008BB9D4 /* 8b.mov */,
				42A29E771B3762FE008BB9D4 /* 8c.mov */,
				42A29E781B3762FE008BB9D4 /* Images */,
				42A29E941B3762FE008BB9D4 /* SixBeaconsView.xib */,
				42A29E951B3762FE008BB9D4 /* wall_bump.wav */,
			);
			path = Resources;
			sourceTree = "<group>";
		};
		42A29E781B3762FE008BB9D4 /* Images */ = {
			isa = PBXGroup;
			children = (
				42A29E791B3762FE008BB9D4 /* 5a_first_frame@2x.png */,
				42A29E7A1B3762FE008BB9D4 /* 5b_first_frame@2x.png */,
				42A29E7B1B3762FE008BB9D4 /* 8a_first_frame@2x.png */,
				42A29E7C1B3762FE008BB9D4 /* 8b_first_frame@2x.png */,
				42A29E7D1B3762FE008BB9D4 /* 8c_first_frame@2x.png */,
				42A29E7E1B3762FE008BB9D4 /* beacon_grey@2x.png */,
				42A29E7F1B3762FE008BB9D4 /* beaconblueberry@2x.png */,
				42A29E801B3762FE008BB9D4 /* beaconBlueberrySmall.png */,
				42A29E811B3762FE008BB9D4 /* beaconBlueberrySmall@2x.png */,
				42A29E821B3762FE008BB9D4 /* beacongrey@2x.png */,
				42A29E831B3762FE008BB9D4 /* beaconGreySmall@2x.png */,
				42A29E841B3762FE008BB9D4 /* beaconicy@2x.png */,
				42A29E851B3762FE008BB9D4 /* beaconIcySmall.png */,
				42A29E861B3762FE008BB9D4 /* beaconIcySmall@2x.png */,
				42A29E871B3762FE008BB9D4 /* beaconmint@2x.png */,
				42A29E881B3762FE008BB9D4 /* beaconMintSmall.png */,
				42A29E891B3762FE008BB9D4 /* beaconMintSmall@2x.png */,
				42A29E8A1B3762FE008BB9D4 /* indoor_error@2x.png */,
				42A29E8B1B3762FE008BB9D4 /* instructions@2x.png */,
				42A29E8C1B3762FE008BB9D4 /* navigation_guy@2x.png */,
				42A29E8D1B3762FE008BB9D4 /* screen8_beacon_blue@2x.png */,
				42A29E8E1B3762FE008BB9D4 /* screen8_beacon_gray@2x.png */,
				42A29E8F1B3762FE008BB9D4 /* screen8_beacon_gray_trans@2x.png */,
				42A29E901B3762FE008BB9D4 /* screen8_beacon_green@2x.png */,
				42A29E911B3762FE008BB9D4 /* screen8_beacon_purple@2x.png */,
				42A29E921B3762FE008BB9D4 /* tick@2x.png */,
				42A29E931B3762FE008BB9D4 /* welcome@2x.png */,
			);
			path = Images;
			sourceTree = "<group>";
		};
		42A29EC31B3764CD008BB9D4 /* EstimoteBeaconSetup */ = {
			isa = PBXGroup;
			children = (
				42A29EC41B376513008BB9D4 /* EnlightEstimoteViewController.h */,
				42A29EC51B376513008BB9D4 /* EnlightEstimoteViewController.m */,
			);
			name = EstimoteBeaconSetup;
			sourceTree = "<group>";
		};
		C17D74DC1B3754DB007F0041 /* Algorithm */ = {
			isa = PBXGroup;
			children = (
				C17D74D91B3754D0007F0041 /* EnLightAlgorithm.h */,
				C17D74DA1B3754D0007F0041 /* EnLightAlgorithm.m */,
			);
			name = Algorithm;
			sourceTree = "<group>";
		};
		C1C6B03F1B3716590018710F /* Database */ = {
			isa = PBXGroup;
			children = (
				C1C6B03A1B37164F0018710F /* EnLightDBManager.h */,
				C1C6B0391B37164F0018710F /* EnLightDBManager.m */,
				C1C6B03C1B37164F0018710F /* BeaconObject.h */,
				C1C6B03B1B37164F0018710F /* BeaconObject.m */,
			);
			name = Database;
			sourceTree = "<group>";
		};
		C1C6B05E1B37175A0018710F /* Frameworks */ = {
			isa = PBXGroup;
			children = (
				C1C6B05F1B3718270018710F /* ParseUI.framework */,
				C1C6B0601B3718270018710F /* ParseFacebookUtilsV4.framework */,
				C1C6B0611B3718270018710F /* ParseFacebookUtils.framework */,
				C1C6B0621B3718270018710F /* ParseCrashReporting.framework */,
				C1C6B0631B3718270018710F /* Parse.framework */,
				C1C6B0641B3718270018710F /* Bolts.framework */,
				C1C6B05C1B3717370018710F /* Foundation.framework */,
				C1C6B05A1B3717310018710F /* UIKit.framework */,
				C1C6B0581B3717290018710F /* SystemConfiguration.framework */,
				C1C6B0561B3717240018710F /* StoreKit.framework */,
				C1C6B0541B37171D0018710F /* Social.framework */,
				C1C6B0521B3717180018710F /* Security.framework */,
				C1C6B0501B3717120018710F /* QuartzCore.framework */,
				C1C6B04E1B3717090018710F /* MobileCoreServices.framework */,
				C1C6B04C1B3717010018710F /* libz.1.1.3.dylib */,
				C1C6B04A1B3716FB0018710F /* libsqlite3.dylib */,
				C1C6B0481B3716EF0018710F /* CoreGraphics.framework */,
				C1C6B0461B3716E90018710F /* CFNetwork.framework */,
				C1C6B0441B3716E30018710F /* AdSupport.framework */,
				C1C6B0421B3716DE0018710F /* Accounts.framework */,
				C1C6B0401B3716D90018710F /* AudioToolbox.framework */,
				C10C54091B367472001CC7BF /* CoreLocation.framework */,
			);
			name = Frameworks;
			path = ..;
			sourceTree = "<group>";
		};
		C1FE69A41B362D9C00B52F87 = {
			isa = PBXGroup;
			children = (
				42A29EC11B37636A008BB9D4 /* MessageUI.framework */,
				42A29EBF1B37635D008BB9D4 /* MediaPlayer.framework */,
				42A29EBD1B376353008BB9D4 /* AVFoundation.framework */,
				42A29EBB1B376347008BB9D4 /* CoreMotion.framework */,
				42A29EB91B376338008BB9D4 /* CoreBluetooth.framework */,
				C1FE69AF1B362D9C00B52F87 /* EnLight */,
				C1FE69CC1B362D9D00B52F87 /* EnLightTests */,
				C1FE69AE1B362D9C00B52F87 /* Products */,
			);
			sourceTree = "<group>";
		};
		C1FE69AE1B362D9C00B52F87 /* Products */ = {
			isa = PBXGroup;
			children = (
				C1FE69AD1B362D9C00B52F87 /* EnLight.app */,
				C1FE69C91B362D9D00B52F87 /* EnLightTests.xctest */,
			);
			name = Products;
			sourceTree = "<group>";
		};
		C1FE69AF1B362D9C00B52F87 /* EnLight */ = {
			isa = PBXGroup;
			children = (
				42A29EC31B3764CD008BB9D4 /* EstimoteBeaconSetup */,
				C17D74DC1B3754DB007F0041 /* Algorithm */,
				C1FE69F91B36438700B52F87 /* Page1 */,
				C1FE69F81B36437D00B52F87 /* Page2 */,
				C1FE69FE1B3647A400B52F87 /* Page3 */,
				C1FE6A031B3648FE00B52F87 /* Page4 */,
				C1FE6A081B364B0E00B52F87 /* Page5 */,
				C1FE6A0D1B364DE200B52F87 /* Wand */,
				C1FE69BD1B362D9D00B52F87 /* Main.storyboard */,
				C17D74D61B373EBF007F0041 /* LaunchScreen.xib */,
				C1FE69B71B362D9D00B52F87 /* EnLight.xcdatamodeld */,
				C1FE69F71B36434F00B52F87 /* Globals */,
				C1FE69B01B362D9D00B52F87 /* Supporting Files */,
			);
			path = EnLight;
			sourceTree = "<group>";
		};
		C1FE69B01B362D9D00B52F87 /* Supporting Files */ = {
			isa = PBXGroup;
			children = (
				42A29E641B3762FE008BB9D4 /* EstimoteIndoorLocationSDK */,
				42A29E481B3762F5008BB9D4 /* EstimoteSDK */,
				C1C6B05E1B37175A0018710F /* Frameworks */,
				C1FE69C01B362D9D00B52F87 /* Images.xcassets */,
				C1FE69ED1B3636CB00B52F87 /* Fonts */,
				C1FE69B11B362D9D00B52F87 /* Info.plist */,
				C1FE69B21B362D9D00B52F87 /* main.m */,
				42A29EC71B379617008BB9D4 /* ashwinLocation.json */,
			);
			name = "Supporting Files";
			sourceTree = "<group>";
		};
		C1FE69CC1B362D9D00B52F87 /* EnLightTests */ = {
			isa = PBXGroup;
			children = (
				C1FE69CF1B362D9D00B52F87 /* EnLightTests.m */,
				C1FE69CD1B362D9D00B52F87 /* Supporting Files */,
			);
			path = EnLightTests;
			sourceTree = "<group>";
		};
		C1FE69CD1B362D9D00B52F87 /* Supporting Files */ = {
			isa = PBXGroup;
			children = (
				C1FE69CE1B362D9D00B52F87 /* Info.plist */,
			);
			name = "Supporting Files";
			sourceTree = "<group>";
		};
		C1FE69ED1B3636CB00B52F87 /* Fonts */ = {
			isa = PBXGroup;
			children = (
				C1FE69DE1B3636C200B52F87 /* OpenSans-Semibold.ttf */,
				C1FE69DF1B3636C200B52F87 /* OpenSans-Regular.ttf */,
				C1FE69E01B3636C200B52F87 /* OpenSans-Light.ttf */,
				C1FE69E11B3636C200B52F87 /* OpenSans-ExtraBold.ttf */,
				C1FE69E21B3636C200B52F87 /* OpenSans-Bold.ttf */,
			);
			name = Fonts;
			sourceTree = "<group>";
		};
		C1FE69F21B363C0800B52F87 /* CustomComponents */ = {
			isa = PBXGroup;
			children = (
				C1FE69EE1B363C0100B52F87 /* EnLightButton.h */,
				C1FE69EF1B363C0100B52F87 /* EnLightButton.m */,
			);
			name = CustomComponents;
			sourceTree = "<group>";
		};
		C1FE69F71B36434F00B52F87 /* Globals */ = {
			isa = PBXGroup;
			children = (
				C1FE69F21B363C0800B52F87 /* CustomComponents */,
				C1FE69D91B362FFE00B52F87 /* AppConstants.h */,
				C1FE69DA1B362FFE00B52F87 /* AppConstants.m */,
				C1FE69B41B362D9D00B52F87 /* AppDelegate.h */,
				C1FE69B51B362D9D00B52F87 /* AppDelegate.m */,
			);
			name = Globals;
			sourceTree = "<group>";
		};
		C1FE69F81B36437D00B52F87 /* Page2 */ = {
			isa = PBXGroup;
			children = (
				C1FE69F31B36431400B52F87 /* Page2ViewController.h */,
				C1FE69F41B36431400B52F87 /* Page2ViewController.m */,
			);
			name = Page2;
			sourceTree = "<group>";
		};
		C1FE69F91B36438700B52F87 /* Page1 */ = {
			isa = PBXGroup;
			children = (
				C1FE69BA1B362D9D00B52F87 /* ViewController.h */,
				C1FE69BB1B362D9D00B52F87 /* ViewController.m */,
			);
			name = Page1;
			sourceTree = "<group>";
		};
		C1FE69FE1B3647A400B52F87 /* Page3 */ = {
			isa = PBXGroup;
			children = (
				C1FE69FA1B36479B00B52F87 /* Page3ViewController.h */,
				C1FE69FB1B36479B00B52F87 /* Page3ViewController.m */,
			);
			name = Page3;
			sourceTree = "<group>";
		};
		C1FE6A031B3648FE00B52F87 /* Page4 */ = {
			isa = PBXGroup;
			children = (
				C1FE69FF1B3648EF00B52F87 /* Page4ViewController.h */,
				C1FE6A001B3648EF00B52F87 /* Page4ViewController.m */,
			);
			name = Page4;
			sourceTree = "<group>";
		};
		C1FE6A081B364B0E00B52F87 /* Page5 */ = {
			isa = PBXGroup;
			children = (
				C1FE6A041B364B0B00B52F87 /* Page5ViewController.h */,
				C1FE6A051B364B0B00B52F87 /* Page5ViewController.m */,
			);
			name = Page5;
			sourceTree = "<group>";
		};
		C1FE6A0D1B364DE200B52F87 /* Wand */ = {
			isa = PBXGroup;
			children = (
				C1FE6A091B364DDB00B52F87 /* WandViewController.h */,
				C1FE6A0A1B364DDB00B52F87 /* WandViewController.m */,
				C1C6B03F1B3716590018710F /* Database */,
			);
			name = Wand;
			sourceTree = "<group>";
		};
/* End PBXGroup section */

/* Begin PBXNativeTarget section */
		C1FE69AC1B362D9C00B52F87 /* EnLight */ = {
			isa = PBXNativeTarget;
			buildConfigurationList = C1FE69D31B362D9D00B52F87 /* Build configuration list for PBXNativeTarget "EnLight" */;
			buildPhases = (
				C1FE69A91B362D9C00B52F87 /* Sources */,
				C1FE69AA1B362D9C00B52F87 /* Frameworks */,
				C1FE69AB1B362D9C00B52F87 /* Resources */,
			);
			buildRules = (
			);
			dependencies = (
			);
			name = EnLight;
			productName = EnLight;
			productReference = C1FE69AD1B362D9C00B52F87 /* EnLight.app */;
			productType = "com.apple.product-type.application";
		};
		C1FE69C81B362D9D00B52F87 /* EnLightTests */ = {
			isa = PBXNativeTarget;
			buildConfigurationList = C1FE69D61B362D9D00B52F87 /* Build configuration list for PBXNativeTarget "EnLightTests" */;
			buildPhases = (
				C1FE69C51B362D9D00B52F87 /* Sources */,
				C1FE69C61B362D9D00B52F87 /* Frameworks */,
				C1FE69C71B362D9D00B52F87 /* Resources */,
			);
			buildRules = (
			);
			dependencies = (
				C1FE69CB1B362D9D00B52F87 /* PBXTargetDependency */,
			);
			name = EnLightTests;
			productName = EnLightTests;
			productReference = C1FE69C91B362D9D00B52F87 /* EnLightTests.xctest */;
			productType = "com.apple.product-type.bundle.unit-test";
		};
/* End PBXNativeTarget section */

/* Begin PBXProject section */
		C1FE69A51B362D9C00B52F87 /* Project object */ = {
			isa = PBXProject;
			attributes = {
				LastUpgradeCheck = 0630;
				ORGANIZATIONNAME = "Catherine Jue";
				TargetAttributes = {
					C1FE69AC1B362D9C00B52F87 = {
						CreatedOnToolsVersion = 6.3.2;
					};
					C1FE69C81B362D9D00B52F87 = {
						CreatedOnToolsVersion = 6.3.2;
						TestTargetID = C1FE69AC1B362D9C00B52F87;
					};
				};
			};
			buildConfigurationList = C1FE69A81B362D9C00B52F87 /* Build configuration list for PBXProject "EnLight" */;
			compatibilityVersion = "Xcode 3.2";
			developmentRegion = English;
			hasScannedForEncodings = 0;
			knownRegions = (
				en,
				Base,
			);
			mainGroup = C1FE69A41B362D9C00B52F87;
			productRefGroup = C1FE69AE1B362D9C00B52F87 /* Products */;
			projectDirPath = "";
			projectRoot = "";
			targets = (
				C1FE69AC1B362D9C00B52F87 /* EnLight */,
				C1FE69C81B362D9D00B52F87 /* EnLightTests */,
			);
		};
/* End PBXProject section */

/* Begin PBXResourcesBuildPhase section */
		C1FE69AB1B362D9C00B52F87 /* Resources */ = {
			isa = PBXResourcesBuildPhase;
			buildActionMask = 2147483647;
			files = (
				42A29E9B1B3762FE008BB9D4 /* 8c.mov in Resources */,
				42A29EB31B3762FE008BB9D4 /* screen8_beacon_green@2x.png in Resources */,
				42A29EB81B3762FE008BB9D4 /* wall_bump.wav in Resources */,
				C1FE69E71B3636C200B52F87 /* OpenSans-Light.ttf in Resources */,
				C1FE69E51B3636C200B52F87 /* OpenSans-Regular.ttf in Resources */,
				42A29EAF1B3762FE008BB9D4 /* navigation_guy@2x.png in Resources */,
				42A29EA21B3762FE008BB9D4 /* beaconblueberry@2x.png in Resources */,
				C1FE69EB1B3636C200B52F87 /* OpenSans-Bold.ttf in Resources */,
				42A29EAE1B3762FE008BB9D4 /* instructions@2x.png in Resources */,
				42A29EA51B3762FE008BB9D4 /* beacongrey@2x.png in Resources */,
				42A29EB71B3762FE008BB9D4 /* SixBeaconsView.xib in Resources */,
				42A29EAC1B3762FE008BB9D4 /* beaconMintSmall@2x.png in Resources */,
				42A29E9D1B3762FE008BB9D4 /* 5b_first_frame@2x.png in Resources */,
				C1FE69E91B3636C200B52F87 /* OpenSans-ExtraBold.ttf in Resources */,
				42A29E9C1B3762FE008BB9D4 /* 5a_first_frame@2x.png in Resources */,
				42A29EB51B3762FE008BB9D4 /* tick@2x.png in Resources */,
				C17D74D81B373EBF007F0041 /* LaunchScreen.xib in Resources */,
				42A29EB01B3762FE008BB9D4 /* screen8_beacon_blue@2x.png in Resources */,
				42A29EAB1B3762FE008BB9D4 /* beaconMintSmall.png in Resources */,
				42A29EB11B3762FE008BB9D4 /* screen8_beacon_gray@2x.png in Resources */,
				42A29EA91B3762FE008BB9D4 /* beaconIcySmall@2x.png in Resources */,
				42A29EAD1B3762FE008BB9D4 /* indoor_error@2x.png in Resources */,
				42A29EA01B3762FE008BB9D4 /* 8c_first_frame@2x.png in Resources */,
				42A29EA81B3762FE008BB9D4 /* beaconIcySmall.png in Resources */,
				42A29EA11B3762FE008BB9D4 /* beacon_grey@2x.png in Resources */,
				42A29EA41B3762FE008BB9D4 /* beaconBlueberrySmall@2x.png in Resources */,
				42A29E9F1B3762FE008BB9D4 /* 8b_first_frame@2x.png in Resources */,
				42A29EC81B379617008BB9D4 /* ashwinLocation.json in Resources */,
				42A29E981B3762FE008BB9D4 /* 5b.mov in Resources */,
				42A29EA31B3762FE008BB9D4 /* beaconBlueberrySmall.png in Resources */,
				C1FE69E31B3636C200B52F87 /* OpenSans-Semibold.ttf in Resources */,
				42A29EB41B3762FE008BB9D4 /* screen8_beacon_purple@2x.png in Resources */,
				42A29E971B3762FE008BB9D4 /* 5a.mov in Resources */,
				42A29EA71B3762FE008BB9D4 /* beaconicy@2x.png in Resources */,
				42A29EB61B3762FE008BB9D4 /* welcome@2x.png in Resources */,
				42A29E9A1B3762FE008BB9D4 /* 8b.mov in Resources */,
				42A29EA61B3762FE008BB9D4 /* beaconGreySmall@2x.png in Resources */,
				42A29EB21B3762FE008BB9D4 /* screen8_beacon_gray_trans@2x.png in Resources */,
				42A29E9E1B3762FE008BB9D4 /* 8a_first_frame@2x.png in Resources */,
				C1FE69BF1B362D9D00B52F87 /* Main.storyboard in Resources */,
				C1FE69C11B362D9D00B52F87 /* Images.xcassets in Resources */,
				42A29EAA1B3762FE008BB9D4 /* beaconmint@2x.png in Resources */,
				42A29E991B3762FE008BB9D4 /* 8a.mov in Resources */,
			);
			runOnlyForDeploymentPostprocessing = 0;
		};
		C1FE69C71B362D9D00B52F87 /* Resources */ = {
			isa = PBXResourcesBuildPhase;
			buildActionMask = 2147483647;
			files = (
				C1FE69E81B3636C200B52F87 /* OpenSans-Light.ttf in Resources */,
				C1FE69E61B3636C200B52F87 /* OpenSans-Regular.ttf in Resources */,
				C1FE69E41B3636C200B52F87 /* OpenSans-Semibold.ttf in Resources */,
				C1FE69EC1B3636C200B52F87 /* OpenSans-Bold.ttf in Resources */,
				C1FE69EA1B3636C200B52F87 /* OpenSans-ExtraBold.ttf in Resources */,
			);
			runOnlyForDeploymentPostprocessing = 0;
		};
/* End PBXResourcesBuildPhase section */

/* Begin PBXSourcesBuildPhase section */
		C1FE69A91B362D9C00B52F87 /* Sources */ = {
			isa = PBXSourcesBuildPhase;
			buildActionMask = 2147483647;
			files = (
				C1FE69B61B362D9D00B52F87 /* AppDelegate.m in Sources */,
				C1FE69F01B363C0100B52F87 /* EnLightButton.m in Sources */,
				42A29EC61B376513008BB9D4 /* EnlightEstimoteViewController.m in Sources */,
				C1C6B03E1B37164F0018710F /* BeaconObject.m in Sources */,
				C17D74DB1B3754D0007F0041 /* EnLightAlgorithm.m in Sources */,
				C1FE69B31B362D9D00B52F87 /* main.m in Sources */,
				C1FE6A011B3648EF00B52F87 /* Page4ViewController.m in Sources */,
				C1FE69BC1B362D9D00B52F87 /* ViewController.m in Sources */,
				C1FE69B91B362D9D00B52F87 /* EnLight.xcdatamodeld in Sources */,
				C1FE69DB1B362FFE00B52F87 /* AppConstants.m in Sources */,
				C1FE69F51B36431400B52F87 /* Page2ViewController.m in Sources */,
				C1FE69FC1B36479B00B52F87 /* Page3ViewController.m in Sources */,
				C1C6B03D1B37164F0018710F /* EnLightDBManager.m in Sources */,
				C1FE6A0B1B364DDB00B52F87 /* WandViewController.m in Sources */,
				C1FE6A061B364B0B00B52F87 /* Page5ViewController.m in Sources */,
			);
			runOnlyForDeploymentPostprocessing = 0;
		};
		C1FE69C51B362D9D00B52F87 /* Sources */ = {
			isa = PBXSourcesBuildPhase;
			buildActionMask = 2147483647;
			files = (
				C1FE6A0C1B364DDB00B52F87 /* WandViewController.m in Sources */,
				C1FE6A021B3648EF00B52F87 /* Page4ViewController.m in Sources */,
				C1FE69D01B362D9D00B52F87 /* EnLightTests.m in Sources */,
				C1FE6A071B364B0B00B52F87 /* Page5ViewController.m in Sources */,
				C1FE69F11B363C0100B52F87 /* EnLightButton.m in Sources */,
				C1FE69F61B36431400B52F87 /* Page2ViewController.m in Sources */,
				C1FE69FD1B36479B00B52F87 /* Page3ViewController.m in Sources */,
				C1FE69DC1B362FFE00B52F87 /* AppConstants.m in Sources */,
			);
			runOnlyForDeploymentPostprocessing = 0;
		};
/* End PBXSourcesBuildPhase section */

/* Begin PBXTargetDependency section */
		C1FE69CB1B362D9D00B52F87 /* PBXTargetDependency */ = {
			isa = PBXTargetDependency;
			target = C1FE69AC1B362D9C00B52F87 /* EnLight */;
			targetProxy = C1FE69CA1B362D9D00B52F87 /* PBXContainerItemProxy */;
		};
/* End PBXTargetDependency section */

/* Begin PBXVariantGroup section */
		C17D74D61B373EBF007F0041 /* LaunchScreen.xib */ = {
			isa = PBXVariantGroup;
			children = (
				C17D74D71B373EBF007F0041 /* Base */,
			);
			name = LaunchScreen.xib;
			path = ..;
			sourceTree = "<group>";
		};
		C1FE69BD1B362D9D00B52F87 /* Main.storyboard */ = {
			isa = PBXVariantGroup;
			children = (
				C1FE69BE1B362D9D00B52F87 /* Base */,
			);
			name = Main.storyboard;
			sourceTree = "<group>";
		};
/* End PBXVariantGroup section */

/* Begin XCBuildConfiguration section */
		C1FE69D11B362D9D00B52F87 /* Debug */ = {
			isa = XCBuildConfiguration;
			buildSettings = {
				ALWAYS_SEARCH_USER_PATHS = NO;
				CLANG_CXX_LANGUAGE_STANDARD = "gnu++0x";
				CLANG_CXX_LIBRARY = "libc++";
				CLANG_ENABLE_MODULES = YES;
				CLANG_ENABLE_OBJC_ARC = YES;
				CLANG_WARN_BOOL_CONVERSION = YES;
				CLANG_WARN_CONSTANT_CONVERSION = YES;
				CLANG_WARN_DIRECT_OBJC_ISA_USAGE = YES_ERROR;
				CLANG_WARN_EMPTY_BODY = YES;
				CLANG_WARN_ENUM_CONVERSION = YES;
				CLANG_WARN_INT_CONVERSION = YES;
				CLANG_WARN_OBJC_ROOT_CLASS = YES_ERROR;
				CLANG_WARN_UNREACHABLE_CODE = YES;
				CLANG_WARN__DUPLICATE_METHOD_MATCH = YES;
				"CODE_SIGN_IDENTITY[sdk=iphoneos*]" = "iPhone Developer";
				COPY_PHASE_STRIP = NO;
				DEBUG_INFORMATION_FORMAT = "dwarf-with-dsym";
				ENABLE_STRICT_OBJC_MSGSEND = YES;
				GCC_C_LANGUAGE_STANDARD = gnu99;
				GCC_DYNAMIC_NO_PIC = NO;
				GCC_NO_COMMON_BLOCKS = YES;
				GCC_OPTIMIZATION_LEVEL = 0;
				GCC_PREPROCESSOR_DEFINITIONS = (
					"DEBUG=1",
					"$(inherited)",
				);
				GCC_SYMBOLS_PRIVATE_EXTERN = NO;
				GCC_WARN_64_TO_32_BIT_CONVERSION = YES;
				GCC_WARN_ABOUT_RETURN_TYPE = YES_ERROR;
				GCC_WARN_UNDECLARED_SELECTOR = YES;
				GCC_WARN_UNINITIALIZED_AUTOS = YES_AGGRESSIVE;
				GCC_WARN_UNUSED_FUNCTION = YES;
				GCC_WARN_UNUSED_VARIABLE = YES;
				IPHONEOS_DEPLOYMENT_TARGET = 8.3;
				MTL_ENABLE_DEBUG_INFO = YES;
				ONLY_ACTIVE_ARCH = YES;
				SDKROOT = iphoneos;
			};
			name = Debug;
		};
		C1FE69D21B362D9D00B52F87 /* Release */ = {
			isa = XCBuildConfiguration;
			buildSettings = {
				ALWAYS_SEARCH_USER_PATHS = NO;
				CLANG_CXX_LANGUAGE_STANDARD = "gnu++0x";
				CLANG_CXX_LIBRARY = "libc++";
				CLANG_ENABLE_MODULES = YES;
				CLANG_ENABLE_OBJC_ARC = YES;
				CLANG_WARN_BOOL_CONVERSION = YES;
				CLANG_WARN_CONSTANT_CONVERSION = YES;
				CLANG_WARN_DIRECT_OBJC_ISA_USAGE = YES_ERROR;
				CLANG_WARN_EMPTY_BODY = YES;
				CLANG_WARN_ENUM_CONVERSION = YES;
				CLANG_WARN_INT_CONVERSION = YES;
				CLANG_WARN_OBJC_ROOT_CLASS = YES_ERROR;
				CLANG_WARN_UNREACHABLE_CODE = YES;
				CLANG_WARN__DUPLICATE_METHOD_MATCH = YES;
				"CODE_SIGN_IDENTITY[sdk=iphoneos*]" = "iPhone Developer";
				COPY_PHASE_STRIP = NO;
				DEBUG_INFORMATION_FORMAT = "dwarf-with-dsym";
				ENABLE_NS_ASSERTIONS = NO;
				ENABLE_STRICT_OBJC_MSGSEND = YES;
				GCC_C_LANGUAGE_STANDARD = gnu99;
				GCC_NO_COMMON_BLOCKS = YES;
				GCC_WARN_64_TO_32_BIT_CONVERSION = YES;
				GCC_WARN_ABOUT_RETURN_TYPE = YES_ERROR;
				GCC_WARN_UNDECLARED_SELECTOR = YES;
				GCC_WARN_UNINITIALIZED_AUTOS = YES_AGGRESSIVE;
				GCC_WARN_UNUSED_FUNCTION = YES;
				GCC_WARN_UNUSED_VARIABLE = YES;
				IPHONEOS_DEPLOYMENT_TARGET = 8.3;
				MTL_ENABLE_DEBUG_INFO = NO;
				SDKROOT = iphoneos;
				VALIDATE_PRODUCT = YES;
			};
			name = Release;
		};
		C1FE69D41B362D9D00B52F87 /* Debug */ = {
			isa = XCBuildConfiguration;
			buildSettings = {
				ASSETCATALOG_COMPILER_APPICON_NAME = AppIcon;
				FRAMEWORK_SEARCH_PATHS = (
					"$(inherited)",
					"$(PROJECT_DIR)",
				);
				INFOPLIST_FILE = EnLight/Info.plist;
				LD_RUNPATH_SEARCH_PATHS = "$(inherited) @executable_path/Frameworks";
				LIBRARY_SEARCH_PATHS = (
					"$(inherited)",
					"$(PROJECT_DIR)/EnLight/EstimoteSDK",
					"$(PROJECT_DIR)/EnLight/EstimoteIndoorLocationSDK",
				);
				OTHER_LDFLAGS = "-lc++";
				PRODUCT_NAME = "$(TARGET_NAME)";
			};
			name = Debug;
		};
		C1FE69D51B362D9D00B52F87 /* Release */ = {
			isa = XCBuildConfiguration;
			buildSettings = {
				ASSETCATALOG_COMPILER_APPICON_NAME = AppIcon;
				FRAMEWORK_SEARCH_PATHS = (
					"$(inherited)",
					"$(PROJECT_DIR)",
				);
				INFOPLIST_FILE = EnLight/Info.plist;
				LD_RUNPATH_SEARCH_PATHS = "$(inherited) @executable_path/Frameworks";
				LIBRARY_SEARCH_PATHS = (
					"$(inherited)",
					"$(PROJECT_DIR)/EnLight/EstimoteSDK",
					"$(PROJECT_DIR)/EnLight/EstimoteIndoorLocationSDK",
				);
				OTHER_LDFLAGS = "-lc++";
				PRODUCT_NAME = "$(TARGET_NAME)";
			};
			name = Release;
		};
		C1FE69D71B362D9D00B52F87 /* Debug */ = {
			isa = XCBuildConfiguration;
			buildSettings = {
				BUNDLE_LOADER = "$(TEST_HOST)";
				FRAMEWORK_SEARCH_PATHS = (
					"$(SDKROOT)/Developer/Library/Frameworks",
					"$(inherited)",
					"$(PROJECT_DIR)",
				);
				GCC_PREPROCESSOR_DEFINITIONS = (
					"DEBUG=1",
					"$(inherited)",
				);
				INFOPLIST_FILE = EnLightTests/Info.plist;
				LD_RUNPATH_SEARCH_PATHS = "$(inherited) @executable_path/Frameworks @loader_path/Frameworks";
				PRODUCT_NAME = "$(TARGET_NAME)";
				TEST_HOST = "$(BUILT_PRODUCTS_DIR)/EnLight.app/EnLight";
			};
			name = Debug;
		};
		C1FE69D81B362D9D00B52F87 /* Release */ = {
			isa = XCBuildConfiguration;
			buildSettings = {
				BUNDLE_LOADER = "$(TEST_HOST)";
				FRAMEWORK_SEARCH_PATHS = (
					"$(SDKROOT)/Developer/Library/Frameworks",
					"$(inherited)",
					"$(PROJECT_DIR)",
				);
				INFOPLIST_FILE = EnLightTests/Info.plist;
				LD_RUNPATH_SEARCH_PATHS = "$(inherited) @executable_path/Frameworks @loader_path/Frameworks";
				PRODUCT_NAME = "$(TARGET_NAME)";
				TEST_HOST = "$(BUILT_PRODUCTS_DIR)/EnLight.app/EnLight";
			};
			name = Release;
		};
/* End XCBuildConfiguration section */

/* Begin XCConfigurationList section */
		C1FE69A81B362D9C00B52F87 /* Build configuration list for PBXProject "EnLight" */ = {
			isa = XCConfigurationList;
			buildConfigurations = (
				C1FE69D11B362D9D00B52F87 /* Debug */,
				C1FE69D21B362D9D00B52F87 /* Release */,
			);
			defaultConfigurationIsVisible = 0;
			defaultConfigurationName = Release;
		};
		C1FE69D31B362D9D00B52F87 /* Build configuration list for PBXNativeTarget "EnLight" */ = {
			isa = XCConfigurationList;
			buildConfigurations = (
				C1FE69D41B362D9D00B52F87 /* Debug */,
				C1FE69D51B362D9D00B52F87 /* Release */,
			);
			defaultConfigurationIsVisible = 0;
			defaultConfigurationName = Release;
		};
		C1FE69D61B362D9D00B52F87 /* Build configuration list for PBXNativeTarget "EnLightTests" */ = {
			isa = XCConfigurationList;
			buildConfigurations = (
				C1FE69D71B362D9D00B52F87 /* Debug */,
				C1FE69D81B362D9D00B52F87 /* Release */,
			);
			defaultConfigurationIsVisible = 0;
			defaultConfigurationName = Release;
		};
/* End XCConfigurationList section */

/* Begin XCVersionGroup section */
		C1FE69B71B362D9D00B52F87 /* EnLight.xcdatamodeld */ = {
			isa = XCVersionGroup;
			children = (
				C1FE69B81B362D9D00B52F87 /* EnLight.xcdatamodel */,
			);
			currentVersion = C1FE69B81B362D9D00B52F87 /* EnLight.xcdatamodel */;
			path = EnLight.xcdatamodeld;
			sourceTree = "<group>";
			versionGroupType = wrapper.xcdatamodel;
		};
/* End XCVersionGroup section */
	};
	rootObject = C1FE69A51B362D9C00B52F87 /* Project object */;
}
